// !$*UTF8*$!
{
	archiveVersion = 1;
	classes = {
	};
	objectVersion = 46;
	objects = {

/* Begin PBXBuildFile section */
		09066E141CC09470008C9728 /* main.m in Sources */ = {isa = PBXBuildFile; fileRef = 09066E131CC09470008C9728 /* main.m */; };
		09066E171CC09470008C9728 /* AppDelegate.m in Sources */ = {isa = PBXBuildFile; fileRef = 09066E161CC09470008C9728 /* AppDelegate.m */; };
		09066E1A1CC09470008C9728 /* ViewController.m in Sources */ = {isa = PBXBuildFile; fileRef = 09066E191CC09470008C9728 /* ViewController.m */; };
		09066E1D1CC09470008C9728 /* Main.storyboard in Resources */ = {isa = PBXBuildFile; fileRef = 09066E1B1CC09470008C9728 /* Main.storyboard */; };
		09066E1F1CC09470008C9728 /* Assets.xcassets in Resources */ = {isa = PBXBuildFile; fileRef = 09066E1E1CC09470008C9728 /* Assets.xcassets */; };
		09066E221CC09470008C9728 /* LaunchScreen.storyboard in Resources */ = {isa = PBXBuildFile; fileRef = 09066E201CC09470008C9728 /* LaunchScreen.storyboard */; };
/* End PBXBuildFile section */

/* Begin PBXFileReference section */
		09066E0F1CC09470008C9728 /* eew.app */ = {isa = PBXFileReference; explicitFileType = wrapper.application; includeInIndex = 0; path = eew.app; sourceTree = BUILT_PRODUCTS_DIR; };
		09066E131CC09470008C9728 /* main.m */ = {isa = PBXFileReference; lastKnownFileType = sourcecode.c.objc; path = main.m; sourceTree = "<group>"; };
		09066E151CC09470008C9728 /* AppDelegate.h */ = {isa = PBXFileReference; lastKnownFileType = sourcecode.c.h; path = AppDelegate.h; sourceTree = "<group>"; };
		09066E161CC09470008C9728 /* AppDelegate.m */ = {isa = PBXFileReference; lastKnownFileType = sourcecode.c.objc; path = AppDelegate.m; sourceTree = "<group>"; };
		09066E181CC09470008C9728 /* ViewController.h */ = {isa = PBXFileReference; lastKnownFileType = sourcecode.c.h; path = ViewController.h; sourceTree = "<group>"; };
		09066E191CC09470008C9728 /* ViewController.m */ = {isa = PBXFileReference; lastKnownFileType = sourcecode.c.objc; path = ViewController.m; sourceTree = "<group>"; };
		09066E1C1CC09470008C9728 /* Base */ = {isa = PBXFileReference; lastKnownFileType = file.storyboard; name = Base; path = Base.lproj/Main.storyboard; sourceTree = "<group>"; };
		09066E1E1CC09470008C9728 /* Assets.xcassets */ = {isa = PBXFileReference; lastKnownFileType = folder.assetcatalog; path = Assets.xcassets; sourceTree = "<group>"; };
		09066E211CC09470008C9728 /* Base */ = {isa = PBXFileReference; lastKnownFileType = file.storyboard; name = Base; path = Base.lproj/LaunchScreen.storyboard; sourceTree = "<group>"; };
		09066E231CC09470008C9728 /* Info.plist */ = {isa = PBXFileReference; lastKnownFileType = text.plist.xml; path = Info.plist; sourceTree = "<group>"; };
/* End PBXFileReference section */

/* Begin PBXFrameworksBuildPhase section */
		09066E0C1CC09470008C9728 /* Frameworks */ = {
			isa = PBXFrameworksBuildPhase;
			buildActionMask = 2147483647;
			files = (
			);
			runOnlyForDeploymentPostprocessing = 0;
		};
/* End PBXFrameworksBuildPhase section */

/* Begin PBXGroup section */
		09066E061CC09470008C9728 = {
			isa = PBXGroup;
			children = (
				09066E111CC09470008C9728 /* eew */,
				09066E101CC09470008C9728 /* Products */,
			);
			sourceTree = "<group>";
		};
		09066E101CC09470008C9728 /* Products */ = {
			isa = PBXGroup;
			children = (
				09066E0F1CC09470008C9728 /* eew.app */,
			);
			name = Products;
			sourceTree = "<group>";
		};
		09066E111CC09470008C9728 /* eew */ = {
			isa = PBXGroup;
			children = (
				09066E151CC09470008C9728 /* AppDelegate.h */,
				09066E161CC09470008C9728 /* AppDelegate.m */,
				09066E181CC09470008C9728 /* ViewController.h */,
				09066E191CC09470008C9728 /* ViewController.m */,
				09066E1B1CC09470008C9728 /* Main.storyboard */,
				09066E1E1CC09470008C9728 /* Assets.xcassets */,
				09066E201CC09470008C9728 /* LaunchScreen.storyboard */,
				09066E231CC09470008C9728 /* Info.plist */,
				09066E121CC09470008C9728 /* Supporting Files */,
			);
			path = eew;
			sourceTree = "<group>";
		};
		09066E121CC09470008C9728 /* Supporting Files */ = {
			isa = PBXGroup;
			children = (
				09066E131CC09470008C9728 /* main.m */,
			);
			name = "Supporting Files";
			sourceTree = "<group>";
		};
/* End PBXGroup section */

/* Begin PBXNativeTarget section */
		09066E0E1CC09470008C9728 /* eew */ = {
			isa = PBXNativeTarget;
			buildConfigurationList = 09066E261CC09470008C9728 /* Build configuration list for PBXNativeTarget "eew" */;
			buildPhases = (
				09066E0B1CC09470008C9728 /* Sources */,
				09066E0C1CC09470008C9728 /* Frameworks */,
				09066E0D1CC09470008C9728 /* Resources */,
			);
			buildRules = (
			);
			dependencies = (
			);
			name = eew;
			productName = eew;
			productReference = 09066E0F1CC09470008C9728 /* eew.app */;
			productType = "com.apple.product-type.application";
		};
/* End PBXNativeTarget section */

/* Begin PBXProject section */
		09066E071CC09470008C9728 /* Project object */ = {
			isa = PBXProject;
			attributes = {
				LastUpgradeCheck = 0720;
				ORGANIZATIONNAME = zgb13790090648;
				TargetAttributes = {
					09066E0E1CC09470008C9728 = {
						CreatedOnToolsVersion = 7.2;
					};
				};
			};
			buildConfigurationList = 09066E0A1CC09470008C9728 /* Build configuration list for PBXProject "eew" */;
			compatibilityVersion = "Xcode 3.2";
			developmentRegion = English;
			hasScannedForEncodings = 0;
			knownRegions = (
				en,
				Base,
			);
			mainGroup = 09066E061CC09470008C9728;
			productRefGroup = 09066E101CC09470008C9728 /* Products */;
			projectDirPath = "";
			projectRoot = "";
			targets = (
				09066E0E1CC09470008C9728 /* eew */,
			);
		};
/* End PBXProject section */

/* Begin PBXResourcesBuildPhase section */
		09066E0D1CC09470008C9728 /* Resources */ = {
			isa = PBXResourcesBuildPhase;
			buildActionMask = 2147483647;
			files = (
				09066E221CC09470008C9728 /* LaunchScreen.storyboard in Resources */,
				09066E1F1CC09470008C9728 /* Assets.xcassets in Resources */,
				09066E1D1CC09470008C9728 /* Main.storyboard in Resources */,
			);
			runOnlyForDeploymentPostprocessing = 0;
		};
/* End PBXResourcesBuildPhase section */

/* Begin PBXSourcesBuildPhase section */
		09066E0B1CC09470008C9728 /* Sources */ = {
			isa = PBXSourcesBuildPhase;
			buildActionMask = 2147483647;
			files = (
				09066E1A1CC09470008C9728 /* ViewController.m in Sources */,
				09066E171CC09470008C9728 /* AppDelegate.m in Sources */,
				09066E141CC09470008C9728 /* main.m in Sources */,
			);
			runOnlyForDeploymentPostprocessing = 0;
		};
/* End PBXSourcesBuildPhase section */

/* Begin PBXVariantGroup section */
		09066E1B1CC09470008C9728 /* Main.storyboard */ = {
			isa = PBXVariantGroup;
			children = (
				09066E1C1CC09470008C9728 /* Base */,
			);
			name = Main.storyboard;
			sourceTree = "<group>";
		};
		09066E201CC09470008C9728 /* LaunchScreen.storyboard */ = {
			isa = PBXVariantGroup;
			children = (
				09066E211CC09470008C9728 /* Base */,
			);
			name = LaunchScreen.storyboard;
			sourceTree = "<group>";
		};
/* End PBXVariantGroup section */

/* Begin XCBuildConfiguration section */
		09066E241CC09470008C9728 /* Debug */ = {
			isa = XCBuildConfiguration;
			buildSettings = {
				ALWAYS_SEARCH_USER_PATHS = NO;
				CLANG_CXX_LANGUAGE_STANDARD = "gnu++0x";
				CLANG_CXX_LIBRARY = "libc++";
				CLANG_ENABLE_MODULES = YES;
				CLANG_ENABLE_OBJC_ARC = YES;
				CLANG_WARN_BOOL_CONVERSION = YES;
				CLANG_WARN_CONSTANT_CONVERSION = YES;
				CLANG_WARN_DIRECT_OBJC_ISA_USAGE = YES_ERROR;
				CLANG_WARN_EMPTY_BODY = YES;
				CLANG_WARN_ENUM_CONVERSION = YES;
				CLANG_WARN_INT_CONVERSION = YES;
				CLANG_WARN_OBJC_ROOT_CLASS = YES_ERROR;
				CLANG_WARN_UNREACHABLE_CODE = YES;
				CLANG_WARN__DUPLICATE_METHOD_MATCH = YES;
				"CODE_SIGN_IDENTITY[sdk=iphoneos*]" = "iPhone Developer";
				COPY_PHASE_STRIP = NO;
				DEBUG_INFORMATION_FORMAT = dwarf;
				ENABLE_STRICT_OBJC_MSGSEND = YES;
				ENABLE_TESTABILITY = YES;
				GCC_C_LANGUAGE_STANDARD = gnu99;
				GCC_DYNAMIC_NO_PIC = NO;
				GCC_NO_COMMON_BLOCKS = YES;
				GCC_OPTIMIZATION_LEVEL = 0;
				GCC_PREPROCESSOR_DEFINITIONS = (
					"DEBUG=1",
					"$(inherited)",
				);
				GCC_WARN_64_TO_32_BIT_CONVERSION = YES;
				GCC_WARN_ABOUT_RETURN_TYPE = YES_ERROR;
				GCC_WARN_UNDECLARED_SELECTOR = YES;
				GCC_WARN_UNINITIALIZED_AUTOS = YES_AGGRESSIVE;
				GCC_WARN_UNUSED_FUNCTION = YES;
				GCC_WARN_UNUSED_VARIABLE = YES;
				IPHONEOS_DEPLOYMENT_TARGET = 9.2;
				MTL_ENABLE_DEBUG_INFO = YES;
				ONLY_ACTIVE_ARCH = YES;
				SDKROOT = iphoneos;
				TARGETED_DEVICE_FAMILY = "1,2";
			};
			name = Debug;
		};
		09066E251CC09470008C9728 /* Release */ = {
			isa = XCBuildConfiguration;
			buildSettings = {
				ALWAYS_SEARCH_USER_PATHS = NO;
				CLANG_CXX_LANGUAGE_STANDARD = "gnu++0x";
				CLANG_CXX_LIBRARY = "libc++";
				CLANG_ENABLE_MODULES = YES;
				CLANG_ENABLE_OBJC_ARC = YES;
				CLANG_WARN_BOOL_CONVERSION = YES;
				CLANG_WARN_CONSTANT_CONVERSION = YES;
				CLANG_WARN_DIRECT_OBJC_ISA_USAGE = YES_ERROR;
				CLANG_WARN_EMPTY_BODY = YES;
				CLANG_WARN_ENUM_CONVERSION = YES;
				CLANG_WARN_INT_CONVERSION = YES;
				CLANG_WARN_OBJC_ROOT_CLASS = YES_ERROR;
				CLANG_WARN_UNREACHABLE_CODE = YES;
				CLANG_WARN__DUPLICATE_METHOD_MATCH = YES;
				"CODE_SIGN_IDENTITY[sdk=iphoneos*]" = "iPhone Developer";
				COPY_PHASE_STRIP = NO;
				DEBUG_INFORMATION_FORMAT = "dwarf-with-dsym";
				ENABLE_NS_ASSERTIONS = NO;
				ENABLE_STRICT_OBJC_MSGSEND = YES;
				GCC_C_LANGUAGE_STANDARD = gnu99;
				GCC_NO_COMMON_BLOCKS = YES;
				GCC_WARN_64_TO_32_BIT_CONVERSION = YES;
				GCC_WARN_ABOUT_RETURN_TYPE = YES_ERROR;
				GCC_WARN_UNDECLARED_SELECTOR = YES;
				GCC_WARN_UNINITIALIZED_AUTOS = YES_AGGRESSIVE;
				GCC_WARN_UNUSED_FUNCTION = YES;
				GCC_WARN_UNUSED_VARIABLE = YES;
				IPHONEOS_DEPLOYMENT_TARGET = 9.2;
				MTL_ENABLE_DEBUG_INFO = NO;
				SDKROOT = iphoneos;
				TARGETED_DEVICE_FAMILY = "1,2";
				VALIDATE_PRODUCT = YES;
			};
			name = Release;
		};
		09066E271CC09470008C9728 /* Debug */ = {
			isa = XCBuildConfiguration;
			buildSettings = {
				ASSETCATALOG_COMPILER_APPICON_NAME = AppIcon;
				INFOPLIST_FILE = eew/Info.plist;
				LD_RUNPATH_SEARCH_PATHS = "$(inherited) @executable_path/Frameworks";
				PRODUCT_BUNDLE_IDENTIFIER = com.1234.www.eew;
				PRODUCT_NAME = "$(TARGET_NAME)";
			};
			name = Debug;
		};
		09066E281CC09470008C9728 /* Release */ = {
			isa = XCBuildConfiguration;
			buildSettings = {
				ASSETCATALOG_COMPILER_APPICON_NAME = AppIcon;
				INFOPLIST_FILE = eew/Info.plist;
				LD_RUNPATH_SEARCH_PATHS = "$(inherited) @executable_path/Frameworks";
				PRODUCT_BUNDLE_IDENTIFIER = com.1234.www.eew;
				PRODUCT_NAME = "$(TARGET_NAME)";
			};
			name = Release;
		};
/* End XCBuildConfiguration section */

/* Begin XCConfigurationList section */
		09066E0A1CC09470008C9728 /* Build configuration list for PBXProject "eew" */ = {
			isa = XCConfigurationList;
			buildConfigurations = (
				09066E241CC09470008C9728 /* Debug */,
				09066E251CC09470008C9728 /* Release */,
			);
			defaultConfigurationIsVisible = 0;
			defaultConfigurationName = Release;
		};
		09066E261CC09470008C9728 /* Build configuration list for PBXNativeTarget "eew" */ = {
			isa = XCConfigurationList;
			buildConfigurations = (
				09066E271CC09470008C9728 /* Debug */,
				09066E281CC09470008C9728 /* Release */,
			);
			defaultConfigurationIsVisible = 0;
		};
/* End XCConfigurationList section */
	};
	rootObject = 09066E071CC09470008C9728 /* Project object */;
}
